lockfile_version: '1'
apm_version: 0.33.0
dependencies:
- repo_url: quiram/mill
  name: mill
  host: github.com
  resolved_commit: 2d564720d14947ad9d4faa858f917c11a24fd18d
  resolved_ref: v0.1.1
  version: 0.1.1
  package_type: marketplace_plugin
  deployed_files:
  - .claude/skills/recommend-model
  - .claude/skills/recommend-model/SKILL.md
  - .claude/skills/start-task
  - .claude/skills/start-task/SKILL.md
  deployed_file_hashes:
    .claude/skills/recommend-model/SKILL.md: sha256:78aec49734dfd12807358c95c90bcdb234b29f962a3246b0bc51e50021ee29c8
    .claude/skills/start-task/SKILL.md: sha256:bd98970fdd94f66253f8716d2c806a9c970d79d7cb0bad8f488c07e856ebfb5a
  content_hash: sha256:e0b46f46e1d1163e90f251d2bcf1873c223134b524f41c8a9ee967b0964f19dd
  is_dev: true
  declared_license: MIT
deployments:
- kind: project-relative
  target: claude
  value: .claude/skills/recommend-model
  runtime: null
  scope: project
  owners:
  - quiram/mill
  active_owner: quiram/mill
  content_hash: null
- kind: project-relative
  target: claude
  value: .claude/skills/recommend-model/SKILL.md
  runtime: null
  scope: project
  owners:
  - quiram/mill
  active_owner: quiram/mill
  content_hash: sha256:78aec49734dfd12807358c95c90bcdb234b29f962a3246b0bc51e50021ee29c8
- kind: project-relative
  target: claude
  value: .claude/skills/start-task
  runtime: null
  scope: project
  owners:
  - quiram/mill
  active_owner: quiram/mill
  content_hash: null
- kind: project-relative
  target: claude
  value: .claude/skills/start-task/SKILL.md
  runtime: null
  scope: project
  owners:
  - quiram/mill
  active_owner: quiram/mill
  content_hash: sha256:bd98970fdd94f66253f8716d2c806a9c970d79d7cb0bad8f488c07e856ebfb5a
