lockfile_version: '1'
apm_version: 0.33.0
dependencies:
- repo_url: quiram/mill
  name: mill
  host: github.com
  resolved_commit: 288bff62041b807a0d833829e31f9e5e2929dda3
  resolved_ref: v0.1.2
  version: 0.1.2
  package_type: marketplace_plugin
  deployed_files:
  - .claude/skills/recommend-model
  - .claude/skills/recommend-model/SKILL.md
  - .claude/skills/start-task
  - .claude/skills/start-task/SKILL.md
  deployed_file_hashes:
    .claude/skills/recommend-model/SKILL.md: sha256:78aec49734dfd12807358c95c90bcdb234b29f962a3246b0bc51e50021ee29c8
    .claude/skills/start-task/SKILL.md: sha256:c2419fb246cdbe5252099d302853d2664e50bf57e045a171840da6c3317b05c2
  content_hash: sha256:9614ab3649a5e2c99db2c04b4463c790c18129705fb0ad82550b28491944cc92
  is_dev: true
  declared_license: MIT
deployments:
- kind: project-relative
  target: claude
  value: .claude/skills/recommend-model
  runtime: null
  scope: project
  owners:
  - quiram/mill
  active_owner: quiram/mill
  content_hash: null
- kind: project-relative
  target: claude
  value: .claude/skills/recommend-model/SKILL.md
  runtime: null
  scope: project
  owners:
  - quiram/mill
  active_owner: quiram/mill
  content_hash: sha256:78aec49734dfd12807358c95c90bcdb234b29f962a3246b0bc51e50021ee29c8
- kind: project-relative
  target: claude
  value: .claude/skills/start-task
  runtime: null
  scope: project
  owners:
  - quiram/mill
  active_owner: quiram/mill
  content_hash: null
- kind: project-relative
  target: claude
  value: .claude/skills/start-task/SKILL.md
  runtime: null
  scope: project
  owners:
  - quiram/mill
  active_owner: quiram/mill
  content_hash: sha256:c2419fb246cdbe5252099d302853d2664e50bf57e045a171840da6c3317b05c2
